[[package]]
name = "colorama"
version = "0.4.4"
description = "Cross-platform colored terminal text."
category = "main"
optional = false
python-versions = ">=2.7, !=3.0.*, !=3.1.*, !=3.2.*, !=3.3.*, !=3.4.*"

[[package]]
name = "readchar"
version = "3.0.4"
description = "Utilities to read single characters and key-strokes"
category = "main"
optional = false
python-versions = "*"

[[package]]
name = "termcolor"
version = "1.1.0"
description = "ANSII Color formatting for output in terminal."
category = "main"
optional = false
python-versions = "*"

[metadata]
lock-version = "1.1"
python-versions = "^3.8"
content-hash = "2e00be7f54138bf060d499cb59336d17b23988010a481aa828aed6bb1a550c71"

[metadata.files]
colorama = [
    {file = "colorama-0.4.4-py2.py3-none-any.whl", hash = "sha256:9f47eda37229f68eee03b24b9748937c7dc3868f906e8ba69fbcbdd3bc5dc3e2"},
    {file = "colorama-0.4.4.tar.gz", hash = "sha256:5941b2b48a20143d2267e95b1c2a7603ce057ee39fd88e7329b0c292aa16869b"},
]
readchar = [
    {file = "readchar-3.0.4-py3-none-any.whl", hash = "sha256:ebe7b51edae808101ea54b63468e8bea87e0c246301a0100f7777219eb2eb844"},
    {file = "readchar-3.0.4.tar.gz", hash = "sha256:3ce642ade5b61efee273b3c4bf55c77a84398178842627c74fcb796e1666ab13"},
]
termcolor = [
    {file = "termcolor-1.1.0.tar.gz", hash = "sha256:1d6d69ce66211143803fbc56652b41d73b4a400a2891d7bf7a1cdf4c02de613b"},
]
